lockfileVersion: '9.0'

settings:
  autoInstallPeers: true
  excludeLinksFromLockfile: false

importers:

  .:
    devDependencies:
      '@playwright/test':
        specifier: 1.62.1
        version: 1.62.1
      axe-core:
        specifier: 4.11.1
        version: 4.11.1
      morphicons:
        specifier: 1.7.1
        version: 1.7.1

packages:

  '@playwright/test@1.62.1':
    resolution: {integrity: sha512-DTcUc8qii+cpHvtOwggMtBRMjKZHXYWdw8syRYu2vtzuq4Wxphqq4NfCs5Zt44L6mA8rfDfj+PHnxFc/FeK6mQ==}
    engines: {node: '>=20'}
    hasBin: true

  axe-core@4.11.1:
    resolution: {integrity: sha512-BASOg+YwO2C+346x3LZOeoovTIoTrRqEsqMa6fmfAV0P+U9mFr9NsyOEpiYvFjbc64NMrSswhV50WdXzdb/Z5A==}
    engines: {node: '>=4'}

  fsevents@2.3.2:
    resolution: {integrity: sha512-xiqMQR4xAeHTuB9uWm+fFRcIOgKBMiOBP+eXiyT7jsgVCq1bkVygt00oASowB7EdtpOHaaPgKt812P9ab+DDKA==}
    engines: {node: ^8.16.0 || ^10.6.0 || >=11.0.0}
    os: [darwin]

  morphicons@1.7.1:
    resolution: {integrity: sha512-q5ylxy5/d7vBg0OAzanlooXf05PekovMYDuuQVpr6vAQZxl99lrJbaIi+jJ32PXQf9WEEaDO2pbNBsx1ZhEnFQ==}
    peerDependencies:
      react: '>=18'
      react-native: '>=0.71'
      react-native-svg: '>=14'
      svelte: '>=5'
      vue: '>=3.3'
    peerDependenciesMeta:
      react:
        optional: true
      react-native:
        optional: true
      react-native-svg:
        optional: true
      svelte:
        optional: true
      vue:
        optional: true

  playwright-core@1.62.1:
    resolution: {integrity: sha512-wPYSwEBJY9GHraISXqyqtx0na0LpO3XEX7jNDhntbex7tzUS7kLnZsOlFruFJB4Hi/rhDMjXGqHewDZ68nYZVw==}
    engines: {node: '>=20'}
    hasBin: true

  playwright@1.62.1:
    resolution: {integrity: sha512-0M+L3LAD8/nm554LOla9Ayx0j0tmFZ0FBcoQ7F1VuVHpM/XpiC8RcDzBQB8W5+hA8L22THxELzeF+2WcUzvcLg==}
    engines: {node: '>=20'}
    hasBin: true

snapshots:

  '@playwright/test@1.62.1':
    dependencies:
      playwright: 1.62.1

  axe-core@4.11.1: {}

  fsevents@2.3.2:
    optional: true

  morphicons@1.7.1: {}

  playwright-core@1.62.1: {}

  playwright@1.62.1:
    dependencies:
      playwright-core: 1.62.1
    optionalDependencies:
      fsevents: 2.3.2
