lockfileVersion: '9.0'

settings:
  autoInstallPeers: true
  excludeLinksFromLockfile: false

importers:

  .:
    devDependencies:
      morphicons:
        specifier: 1.7.1
        version: 1.7.1

packages:

  morphicons@1.7.1:
    resolution: {integrity: sha512-q5ylxy5/d7vBg0OAzanlooXf05PekovMYDuuQVpr6vAQZxl99lrJbaIi+jJ32PXQf9WEEaDO2pbNBsx1ZhEnFQ==}
    peerDependencies:
      react: '>=18'
      react-native: '>=0.71'
      react-native-svg: '>=14'
      svelte: '>=5'
      vue: '>=3.3'
    peerDependenciesMeta:
      react:
        optional: true
      react-native:
        optional: true
      react-native-svg:
        optional: true
      svelte:
        optional: true
      vue:
        optional: true

snapshots:

  morphicons@1.7.1: {}
